hash: 2cb2c8845b0614257fc1e08274974e33721dd5b0cda08087d07f9cc6d854e04c
updated: 2016-03-14T12:16:43.865860022-06:00
imports:
- name: github.com/onsi/ginkgo
  version: ac3d45ddd7ef5c4d7fc4d037b615a81f4d67981e
- name: github.com/onsi/gomega
  version: 7ce781ea776b2fd506491011353bded2e40c8467
devImports: []
